
Microsoft Visual Studio Solution File, Format Version 12.00
# Visual Studio Version 17
VisualStudioVersion = 17.5.002.0
MinimumVisualStudioVersion = 10.0.40219.1
Project("{2150E333-8FDC-42A3-9474-1A3956D46DE8}") = "src", "src", "{09C51667-28AE-4AB1-8F80-91B973E0FE82}"
EndProject
Project("{FAE04EC0-301F-11D3-BF4B-00C04F79EFBC}") = "Wordle", "src\Wordle\Wordle.csproj", "{6CD77258-25FD-454F-AE11-E4FF10DCF05F}"
EndProject
Project("{2150E333-8FDC-42A3-9474-1A3956D46DE8}") = "tests", "tests", "{72E30256-C1A2-4500-9A2E-959B9D0B6201}"
EndProject
Project("{FAE04EC0-301F-11D3-BF4B-00C04F79EFBC}") = "Wordle.UnitTests", "tests\Wordle.UnitTests\Wordle.UnitTests.csproj", "{42915025-E487-4231-9781-D480D9D89F73}"
EndProject
Global
	GlobalSection(SolutionConfigurationPlatforms) = preSolution
		Debug|Any CPU = Debug|Any CPU
		Release|Any CPU = Release|Any CPU
	EndGlobalSection
	GlobalSection(ProjectConfigurationPlatforms) = postSolution
		{7FDD8000-770E-4671-A5EE-BBD49E3BCFF7}.Debug|Any CPU.ActiveCfg = Debug|Any CPU
		{7FDD8000-770E-4671-A5EE-BBD49E3BCFF7}.Debug|Any CPU.Build.0 = Debug|Any CPU
		{7FDD8000-770E-4671-A5EE-BBD49E3BCFF7}.Release|Any CPU.ActiveCfg = Release|Any CPU
		{7FDD8000-770E-4671-A5EE-BBD49E3BCFF7}.Release|Any CPU.Build.0 = Release|Any CPU
		{6CD77258-25FD-454F-AE11-E4FF10DCF05F}.Debug|Any CPU.ActiveCfg = Debug|Any CPU
		{6CD77258-25FD-454F-AE11-E4FF10DCF05F}.Debug|Any CPU.Build.0 = Debug|Any CPU
		{6CD77258-25FD-454F-AE11-E4FF10DCF05F}.Release|Any CPU.ActiveCfg = Release|Any CPU
		{6CD77258-25FD-454F-AE11-E4FF10DCF05F}.Release|Any CPU.Build.0 = Release|Any CPU
		{42915025-E487-4231-9781-D480D9D89F73}.Debug|Any CPU.ActiveCfg = Debug|Any CPU
		{42915025-E487-4231-9781-D480D9D89F73}.Debug|Any CPU.Build.0 = Debug|Any CPU
		{42915025-E487-4231-9781-D480D9D89F73}.Release|Any CPU.ActiveCfg = Release|Any CPU
		{42915025-E487-4231-9781-D480D9D89F73}.Release|Any CPU.Build.0 = Release|Any CPU
	EndGlobalSection
	GlobalSection(SolutionProperties) = preSolution
		HideSolutionNode = FALSE
	EndGlobalSection
	GlobalSection(ExtensibilityGlobals) = postSolution
		SolutionGuid = {D60F7C90-FCD9-4BFC-8C7E-5AED2BA930B8}
	EndGlobalSection
	GlobalSection(NestedProjects) = preSolution
		{6CD77258-25FD-454F-AE11-E4FF10DCF05F} = {09C51667-28AE-4AB1-8F80-91B973E0FE82}
		{42915025-E487-4231-9781-D480D9D89F73} = {72E30256-C1A2-4500-9A2E-959B9D0B6201}
	EndGlobalSection
EndGlobal
